
Microsoft Visual Studio Solution File, Format Version 12.00
# Visual Studio Version 17
VisualStudioVersion = 17.8.34408.163
MinimumVisualStudioVersion = 10.0.40219.1
Project("{9A19103F-16F7-4668-BE54-9A1E7A4F7556}") = "Lumora.Plugin.Sms", "Lumora.Plugin.Sms.csproj", "{9F88B1C7-EFC8-4D9B-9921-803200E443A1}"
EndProject
Global
	GlobalSection(SolutionConfigurationPlatforms) = preSolution
		Debug|Any CPU = Debug|Any CPU
		Migration|Any CPU = Migration|Any CPU
		Release|Any CPU = Release|Any CPU
	EndGlobalSection
	GlobalSection(ProjectConfigurationPlatforms) = postSolution
		{9F88B1C7-EFC8-4D9B-9921-803200E443A1}.Debug|Any CPU.ActiveCfg = Debug|Any CPU
		{9F88B1C7-EFC8-4D9B-9921-803200E443A1}.Debug|Any CPU.Build.0 = Debug|Any CPU
		{9F88B1C7-EFC8-4D9B-9921-803200E443A1}.Migration|Any CPU.ActiveCfg = Migration|Any CPU
		{9F88B1C7-EFC8-4D9B-9921-803200E443A1}.Migration|Any CPU.Build.0 = Migration|Any CPU
		{9F88B1C7-EFC8-4D9B-9921-803200E443A1}.Release|Any CPU.ActiveCfg = Release|Any CPU
		{9F88B1C7-EFC8-4D9B-9921-803200E443A1}.Release|Any CPU.Build.0 = Release|Any CPU
	EndGlobalSection
	GlobalSection(SolutionProperties) = preSolution
		HideSolutionNode = FALSE
	EndGlobalSection
	GlobalSection(ExtensibilityGlobals) = postSolution
		SolutionGuid = {8AF1F00C-24E2-4E23-A7F8-C220464196DF}
	EndGlobalSection
EndGlobal
